// !$*UTF8*$!
{
	archiveVersion = 1;
	classes = {
	};
	objectVersion = 77;
	objects = {

/* Begin PBXBuildFile section */
		D9D0FC5F2F5B9DFB00E3696B /* FirebaseAnalytics in Frameworks */ = {isa = PBXBuildFile; productRef = D9D0FC5E2F5B9DFB00E3696B /* FirebaseAnalytics */; };
		D9D0FC612F5B9DFB00E3696B /* FirebaseAnalyticsCore in Frameworks */ = {isa = PBXBuildFile; productRef = D9D0FC602F5B9DFB00E3696B /* FirebaseAnalyticsCore */; };
		D9D0FC632F5B9DFB00E3696B /* FirebaseAnalyticsIdentitySupport in Frameworks */ = {isa = PBXBuildFile; productRef = D9D0FC622F5B9DFB00E3696B /* FirebaseAnalyticsIdentitySupport */; };
		D9D0FC652F5B9DFB00E3696B /* FirebaseAppCheck in Frameworks */ = {isa = PBXBuildFile; productRef = D9D0FC642F5B9DFB00E3696B /* FirebaseAppCheck */; };
		D9D0FC672F5B9DFB00E3696B /* FirebaseAuth in Frameworks */ = {isa = PBXBuildFile; productRef = D9D0FC662F5B9DFB00E3696B /* FirebaseAuth */; };
		D9D0FC692F5B9DFB00E3696B /* FirebaseAuthCombine-Community in Frameworks */ = {isa = PBXBuildFile; productRef = D9D0FC682F5B9DFB00E3696B /* FirebaseAuthCombine-Community */; };
		D9D0FC6B2F5B9DFB00E3696B /* FirebaseCore in Frameworks */ = {isa = PBXBuildFile; productRef = D9D0FC6A2F5B9DFB00E3696B /* FirebaseCore */; };
		D9D0FC6D2F5B9DFB00E3696B /* FirebaseCrashlytics in Frameworks */ = {isa = PBXBuildFile; productRef = D9D0FC6C2F5B9DFB00E3696B /* FirebaseCrashlytics */; };
		D9D0FC6F2F5B9DFB00E3696B /* FirebaseDatabase in Frameworks */ = {isa = PBXBuildFile; productRef = D9D0FC6E2F5B9DFB00E3696B /* FirebaseDatabase */; };
		D9D0FC712F5B9DFB00E3696B /* FirebaseFirestore in Frameworks */ = {isa = PBXBuildFile; productRef = D9D0FC702F5B9DFB00E3696B /* FirebaseFirestore */; };
		D9D0FC732F5B9DFB00E3696B /* FirebaseFirestoreCombine-Community in Frameworks */ = {isa = PBXBuildFile; productRef = D9D0FC722F5B9DFB00E3696B /* FirebaseFirestoreCombine-Community */; };
		D9D0FC752F5B9DFB00E3696B /* FirebasePerformance in Frameworks */ = {isa = PBXBuildFile; productRef = D9D0FC742F5B9DFB00E3696B /* FirebasePerformance */; };
		D9D0FC772F5B9DFB00E3696B /* FirebaseRemoteConfig in Frameworks */ = {isa = PBXBuildFile; productRef = D9D0FC762F5B9DFB00E3696B /* FirebaseRemoteConfig */; };
		D9D0FC792F5B9DFB00E3696B /* FirebaseStorage in Frameworks */ = {isa = PBXBuildFile; productRef = D9D0FC782F5B9DFB00E3696B /* FirebaseStorage */; };
		D9D0FC7B2F5B9DFB00E3696B /* FirebaseStorageCombine-Community in Frameworks */ = {isa = PBXBuildFile; productRef = D9D0FC7A2F5B9DFB00E3696B /* FirebaseStorageCombine-Community */; };
/* End PBXBuildFile section */

/* Begin PBXFileReference section */
		D9D0FC212F5B9D3A00E3696B /* MohammadMuksith_homework4.app */ = {isa = PBXFileReference; explicitFileType = wrapper.application; includeInIndex = 0; path = MohammadMuksith_homework4.app; sourceTree = BUILT_PRODUCTS_DIR; };
/* End PBXFileReference section */

/* Begin PBXFileSystemSynchronizedRootGroup section */
		D9D0FC232F5B9D3A00E3696B /* MohammadMuksith_homework4 */ = {
			isa = PBXFileSystemSynchronizedRootGroup;
			path = MohammadMuksith_homework4;
			sourceTree = "<group>";
		};
/* End PBXFileSystemSynchronizedRootGroup section */

/* Begin PBXFrameworksBuildPhase section */
		D9D0FC1E2F5B9D3A00E3696B /* Frameworks */ = {
			isa = PBXFrameworksBuildPhase;
			buildActionMask = 2147483647;
			files = (
				D9D0FC652F5B9DFB00E3696B /* FirebaseAppCheck in Frameworks */,
				D9D0FC692F5B9DFB00E3696B /* FirebaseAuthCombine-Community in Frameworks */,
				D9D0FC752F5B9DFB00E3696B /* FirebasePerformance in Frameworks */,
				D9D0FC672F5B9DFB00E3696B /* FirebaseAuth in Frameworks */,
				D9D0FC712F5B9DFB00E3696B /* FirebaseFirestore in Frameworks */,
				D9D0FC5F2F5B9DFB00E3696B /* FirebaseAnalytics in Frameworks */,
				D9D0FC732F5B9DFB00E3696B /* FirebaseFirestoreCombine-Community in Frameworks */,
				D9D0FC7B2F5B9DFB00E3696B /* FirebaseStorageCombine-Community in Frameworks */,
				D9D0FC6B2F5B9DFB00E3696B /* FirebaseCore in Frameworks */,
				D9D0FC6D2F5B9DFB00E3696B /* FirebaseCrashlytics in Frameworks */,
				D9D0FC6F2F5B9DFB00E3696B /* FirebaseDatabase in Frameworks */,
				D9D0FC772F5B9DFB00E3696B /* FirebaseRemoteConfig in Frameworks */,
				D9D0FC792F5B9DFB00E3696B /* FirebaseStorage in Frameworks */,
				D9D0FC612F5B9DFB00E3696B /* FirebaseAnalyticsCore in Frameworks */,
				D9D0FC632F5B9DFB00E3696B /* FirebaseAnalyticsIdentitySupport in Frameworks */,
			);
			runOnlyForDeploymentPostprocessing = 0;
		};
/* End PBXFrameworksBuildPhase section */

/* Begin PBXGroup section */
		D9D0FC182F5B9D3A00E3696B = {
			isa = PBXGroup;
			children = (
				D9D0FC232F5B9D3A00E3696B /* MohammadMuksith_homework4 */,
				D9D0FC222F5B9D3A00E3696B /* Products */,
			);
			sourceTree = "<group>";
		};
		D9D0FC222F5B9D3A00E3696B /* Products */ = {
			isa = PBXGroup;
			children = (
				D9D0FC212F5B9D3A00E3696B /* MohammadMuksith_homework4.app */,
			);
			name = Products;
			sourceTree = "<group>";
		};
/* End PBXGroup section */

/* Begin PBXNativeTarget section */
		D9D0FC202F5B9D3A00E3696B /* MohammadMuksith_homework4 */ = {
			isa = PBXNativeTarget;
			buildConfigurationList = D9D0FC2C2F5B9D3C00E3696B /* Build configuration list for PBXNativeTarget "MohammadMuksith_homework4" */;
			buildPhases = (
				D9D0FC1D2F5B9D3A00E3696B /* Sources */,
				D9D0FC1E2F5B9D3A00E3696B /* Frameworks */,
				D9D0FC1F2F5B9D3A00E3696B /* Resources */,
			);
			buildRules = (
			);
			dependencies = (
			);
			fileSystemSynchronizedGroups = (
				D9D0FC232F5B9D3A00E3696B /* MohammadMuksith_homework4 */,
			);
			name = MohammadMuksith_homework4;
			packageProductDependencies = (
				D9D0FC5E2F5B9DFB00E3696B /* FirebaseAnalytics */,
				D9D0FC602F5B9DFB00E3696B /* FirebaseAnalyticsCore */,
				D9D0FC622F5B9DFB00E3696B /* FirebaseAnalyticsIdentitySupport */,
				D9D0FC642F5B9DFB00E3696B /* FirebaseAppCheck */,
				D9D0FC662F5B9DFB00E3696B /* FirebaseAuth */,
				D9D0FC682F5B9DFB00E3696B /* FirebaseAuthCombine-Community */,
				D9D0FC6A2F5B9DFB00E3696B /* FirebaseCore */,
				D9D0FC6C2F5B9DFB00E3696B /* FirebaseCrashlytics */,
				D9D0FC6E2F5B9DFB00E3696B /* FirebaseDatabase */,
				D9D0FC702F5B9DFB00E3696B /* FirebaseFirestore */,
				D9D0FC722F5B9DFB00E3696B /* FirebaseFirestoreCombine-Community */,
				D9D0FC742F5B9DFB00E3696B /* FirebasePerformance */,
				D9D0FC762F5B9DFB00E3696B /* FirebaseRemoteConfig */,
				D9D0FC782F5B9DFB00E3696B /* FirebaseStorage */,
				D9D0FC7A2F5B9DFB00E3696B /* FirebaseStorageCombine-Community */,
			);
			productName = MohammadMuksith_homework4;
			productReference = D9D0FC212F5B9D3A00E3696B /* MohammadMuksith_homework4.app */;
			productType = "com.apple.product-type.application";
		};
/* End PBXNativeTarget section */

/* Begin PBXProject section */
		D9D0FC192F5B9D3A00E3696B /* Project object */ = {
			isa = PBXProject;
			attributes = {
				BuildIndependentTargetsInParallel = 1;
				LastSwiftUpdateCheck = 2630;
				LastUpgradeCheck = 2630;
				TargetAttributes = {
					D9D0FC202F5B9D3A00E3696B = {
						CreatedOnToolsVersion = 26.3;
					};
				};
			};
			buildConfigurationList = D9D0FC1C2F5B9D3A00E3696B /* Build configuration list for PBXProject "MohammadMuksith_homework4" */;
			developmentRegion = en;
			hasScannedForEncodings = 0;
			knownRegions = (
				en,
				Base,
			);
			mainGroup = D9D0FC182F5B9D3A00E3696B;
			minimizedProjectReferenceProxies = 1;
			packageReferences = (
				D9D0FC5D2F5B9DFB00E3696B /* XCRemoteSwiftPackageReference "firebase-ios-sdk" */,
			);
			preferredProjectObjectVersion = 77;
			productRefGroup = D9D0FC222F5B9D3A00E3696B /* Products */;
			projectDirPath = "";
			projectRoot = "";
			targets = (
				D9D0FC202F5B9D3A00E3696B /* MohammadMuksith_homework4 */,
			);
		};
/* End PBXProject section */

/* Begin PBXResourcesBuildPhase section */
		D9D0FC1F2F5B9D3A00E3696B /* Resources */ = {
			isa = PBXResourcesBuildPhase;
			buildActionMask = 2147483647;
			files = (
			);
			runOnlyForDeploymentPostprocessing = 0;
		};
/* End PBXResourcesBuildPhase section */

/* Begin PBXSourcesBuildPhase section */
		D9D0FC1D2F5B9D3A00E3696B /* Sources */ = {
			isa = PBXSourcesBuildPhase;
			buildActionMask = 2147483647;
			files = (
			);
			runOnlyForDeploymentPostprocessing = 0;
		};
/* End PBXSourcesBuildPhase section */

/* Begin XCBuildConfiguration section */
		D9D0FC2A2F5B9D3C00E3696B /* Debug */ = {
			isa = XCBuildConfiguration;
			buildSettings = {
				ALWAYS_SEARCH_USER_PATHS = NO;
				ASSETCATALOG_COMPILER_GENERATE_SWIFT_ASSET_SYMBOL_EXTENSIONS = YES;
				CLANG_ANALYZER_NONNULL = YES;
				CLANG_ANALYZER_NUMBER_OBJECT_CONVERSION = YES_AGGRESSIVE;
				CLANG_CXX_LANGUAGE_STANDARD = "gnu++20";
				CLANG_ENABLE_MODULES = YES;
				CLANG_ENABLE_OBJC_ARC = YES;
				CLANG_ENABLE_OBJC_WEAK = YES;
				CLANG_WARN_BLOCK_CAPTURE_AUTORELEASING = YES;
				CLANG_WARN_BOOL_CONVERSION = YES;
				CLANG_WARN_COMMA = YES;
				CLANG_WARN_CONSTANT_CONVERSION = YES;
				CLANG_WARN_DEPRECATED_OBJC_IMPLEMENTATIONS = YES;
				CLANG_WARN_DIRECT_OBJC_ISA_USAGE = YES_ERROR;
				CLANG_WARN_DOCUMENTATION_COMMENTS = YES;
				CLANG_WARN_EMPTY_BODY = YES;
				CLANG_WARN_ENUM_CONVERSION = YES;
				CLANG_WARN_INFINITE_RECURSION = YES;
				CLANG_WARN_INT_CONVERSION = YES;
				CLANG_WARN_NON_LITERAL_NULL_CONVERSION = YES;
				CLANG_WARN_OBJC_IMPLICIT_RETAIN_SELF = YES;
				CLANG_WARN_OBJC_LITERAL_CONVERSION = YES;
				CLANG_WARN_OBJC_ROOT_CLASS = YES_ERROR;
				CLANG_WARN_QUOTED_INCLUDE_IN_FRAMEWORK_HEADER = YES;
				CLANG_WARN_RANGE_LOOP_ANALYSIS = YES;
				CLANG_WARN_STRICT_PROTOTYPES = YES;
				CLANG_WARN_SUSPICIOUS_MOVE = YES;
				CLANG_WARN_UNGUARDED_AVAILABILITY = YES_AGGRESSIVE;
				CLANG_WARN_UNREACHABLE_CODE = YES;
				CLANG_WARN__DUPLICATE_METHOD_MATCH = YES;
				COPY_PHASE_STRIP = NO;
				DEBUG_INFORMATION_FORMAT = dwarf;
				DEVELOPMENT_TEAM = 4V7T96VN9D;
				ENABLE_STRICT_OBJC_MSGSEND = YES;
				ENABLE_TESTABILITY = YES;
				ENABLE_USER_SCRIPT_SANDBOXING = YES;
				GCC_C_LANGUAGE_STANDARD = gnu17;
				GCC_DYNAMIC_NO_PIC = NO;
				GCC_NO_COMMON_BLOCKS = YES;
				GCC_OPTIMIZATION_LEVEL = 0;
				GCC_PREPROCESSOR_DEFINITIONS = (
					"DEBUG=1",
					"$(inherited)",
				);
				GCC_WARN_64_TO_32_BIT_CONVERSION = YES;
				GCC_WARN_ABOUT_RETURN_TYPE = YES_ERROR;
				GCC_WARN_UNDECLARED_SELECTOR = YES;
				GCC_WARN_UNINITIALIZED_AUTOS = YES_AGGRESSIVE;
				GCC_WARN_UNUSED_FUNCTION = YES;
				GCC_WARN_UNUSED_VARIABLE = YES;
				IPHONEOS_DEPLOYMENT_TARGET = 26.2;
				LOCALIZATION_PREFERS_STRING_CATALOGS = YES;
				MTL_ENABLE_DEBUG_INFO = INCLUDE_SOURCE;
				MTL_FAST_MATH = YES;
				ONLY_ACTIVE_ARCH = YES;
				SDKROOT = iphoneos;
				SWIFT_ACTIVE_COMPILATION_CONDITIONS = "DEBUG $(inherited)";
				SWIFT_OPTIMIZATION_LEVEL = "-Onone";
			};
			name = Debug;
		};
		D9D0FC2B2F5B9D3C00E3696B /* Release */ = {
			isa = XCBuildConfiguration;
			buildSettings = {
				ALWAYS_SEARCH_USER_PATHS = NO;
				ASSETCATALOG_COMPILER_GENERATE_SWIFT_ASSET_SYMBOL_EXTENSIONS = YES;
				CLANG_ANALYZER_NONNULL = YES;
				CLANG_ANALYZER_NUMBER_OBJECT_CONVERSION = YES_AGGRESSIVE;
				CLANG_CXX_LANGUAGE_STANDARD = "gnu++20";
				CLANG_ENABLE_MODULES = YES;
				CLANG_ENABLE_OBJC_ARC = YES;
				CLANG_ENABLE_OBJC_WEAK = YES;
				CLANG_WARN_BLOCK_CAPTURE_AUTORELEASING = YES;
				CLANG_WARN_BOOL_CONVERSION = YES;
				CLANG_WARN_COMMA = YES;
				CLANG_WARN_CONSTANT_CONVERSION = YES;
				CLANG_WARN_DEPRECATED_OBJC_IMPLEMENTATIONS = YES;
				CLANG_WARN_DIRECT_OBJC_ISA_USAGE = YES_ERROR;
				CLANG_WARN_DOCUMENTATION_COMMENTS = YES;
				CLANG_WARN_EMPTY_BODY = YES;
				CLANG_WARN_ENUM_CONVERSION = YES;
				CLANG_WARN_INFINITE_RECURSION = YES;
				CLANG_WARN_INT_CONVERSION = YES;
				CLANG_WARN_NON_LITERAL_NULL_CONVERSION = YES;
				CLANG_WARN_OBJC_IMPLICIT_RETAIN_SELF = YES;
				CLANG_WARN_OBJC_LITERAL_CONVERSION = YES;
				CLANG_WARN_OBJC_ROOT_CLASS = YES_ERROR;
				CLANG_WARN_QUOTED_INCLUDE_IN_FRAMEWORK_HEADER = YES;
				CLANG_WARN_RANGE_LOOP_ANALYSIS = YES;
				CLANG_WARN_STRICT_PROTOTYPES = YES;
				CLANG_WARN_SUSPICIOUS_MOVE = YES;
				CLANG_WARN_UNGUARDED_AVAILABILITY = YES_AGGRESSIVE;
				CLANG_WARN_UNREACHABLE_CODE = YES;
				CLANG_WARN__DUPLICATE_METHOD_MATCH = YES;
				COPY_PHASE_STRIP = NO;
				DEBUG_INFORMATION_FORMAT = "dwarf-with-dsym";
				DEVELOPMENT_TEAM = 4V7T96VN9D;
				ENABLE_NS_ASSERTIONS = NO;
				ENABLE_STRICT_OBJC_MSGSEND = YES;
				ENABLE_USER_SCRIPT_SANDBOXING = YES;
				GCC_C_LANGUAGE_STANDARD = gnu17;
				GCC_NO_COMMON_BLOCKS = YES;
				GCC_WARN_64_TO_32_BIT_CONVERSION = YES;
				GCC_WARN_ABOUT_RETURN_TYPE = YES_ERROR;
				GCC_WARN_UNDECLARED_SELECTOR = YES;
				GCC_WARN_UNINITIALIZED_AUTOS = YES_AGGRESSIVE;
				GCC_WARN_UNUSED_FUNCTION = YES;
				GCC_WARN_UNUSED_VARIABLE = YES;
				IPHONEOS_DEPLOYMENT_TARGET = 26.2;
				LOCALIZATION_PREFERS_STRING_CATALOGS = YES;
				MTL_ENABLE_DEBUG_INFO = NO;
				MTL_FAST_MATH = YES;
				SDKROOT = iphoneos;
				SWIFT_COMPILATION_MODE = wholemodule;
				VALIDATE_PRODUCT = YES;
			};
			name = Release;
		};
		D9D0FC2D2F5B9D3C00E3696B /* Debug */ = {
			isa = XCBuildConfiguration;
			buildSettings = {
				ASSETCATALOG_COMPILER_APPICON_NAME = AppIcon;
				ASSETCATALOG_COMPILER_GLOBAL_ACCENT_COLOR_NAME = AccentColor;
				CODE_SIGN_STYLE = Automatic;
				CURRENT_PROJECT_VERSION = 1;
				DEVELOPMENT_TEAM = 4V7T96VN9D;
				ENABLE_PREVIEWS = YES;
				GENERATE_INFOPLIST_FILE = YES;
				INFOPLIST_KEY_NSLocationAlwaysAndWhenInUseUsageDescription = "Location Needed";
				INFOPLIST_KEY_NSLocationUsageDescription = "Location Needed";
				INFOPLIST_KEY_UIApplicationSceneManifest_Generation = YES;
				INFOPLIST_KEY_UIApplicationSupportsIndirectInputEvents = YES;
				INFOPLIST_KEY_UILaunchScreen_Generation = YES;
				INFOPLIST_KEY_UISupportedInterfaceOrientations_iPad = "UIInterfaceOrientationPortrait UIInterfaceOrientationPortraitUpsideDown UIInterfaceOrientationLandscapeLeft UIInterfaceOrientationLandscapeRight";
				INFOPLIST_KEY_UISupportedInterfaceOrientations_iPhone = "UIInterfaceOrientationPortrait UIInterfaceOrientationLandscapeLeft UIInterfaceOrientationLandscapeRight";
				LD_RUNPATH_SEARCH_PATHS = (
					"$(inherited)",
					"@executable_path/Frameworks",
				);
				MARKETING_VERSION = 1.0;
				PRODUCT_BUNDLE_IDENTIFIER = "n.MohammadMuksith-homework4";
				PRODUCT_NAME = "$(TARGET_NAME)";
				STRING_CATALOG_GENERATE_SYMBOLS = YES;
				SWIFT_APPROACHABLE_CONCURRENCY = YES;
				SWIFT_DEFAULT_ACTOR_ISOLATION = MainActor;
				SWIFT_EMIT_LOC_STRINGS = YES;
				SWIFT_UPCOMING_FEATURE_MEMBER_IMPORT_VISIBILITY = YES;
				SWIFT_VERSION = 5.0;
				TARGETED_DEVICE_FAMILY = "1,2";
			};
			name = Debug;
		};
		D9D0FC2E2F5B9D3C00E3696B /* Release */ = {
			isa = XCBuildConfiguration;
			buildSettings = {
				ASSETCATALOG_COMPILER_APPICON_NAME = AppIcon;
				ASSETCATALOG_COMPILER_GLOBAL_ACCENT_COLOR_NAME = AccentColor;
				CODE_SIGN_STYLE = Automatic;
				CURRENT_PROJECT_VERSION = 1;
				DEVELOPMENT_TEAM = 4V7T96VN9D;
				ENABLE_PREVIEWS = YES;
				GENERATE_INFOPLIST_FILE = YES;
				INFOPLIST_KEY_NSLocationAlwaysAndWhenInUseUsageDescription = "Location Needed";
				INFOPLIST_KEY_NSLocationUsageDescription = "Location Needed";
				INFOPLIST_KEY_UIApplicationSceneManifest_Generation = YES;
				INFOPLIST_KEY_UIApplicationSupportsIndirectInputEvents = YES;
				INFOPLIST_KEY_UILaunchScreen_Generation = YES;
				INFOPLIST_KEY_UISupportedInterfaceOrientations_iPad = "UIInterfaceOrientationPortrait UIInterfaceOrientationPortraitUpsideDown UIInterfaceOrientationLandscapeLeft UIInterfaceOrientationLandscapeRight";
				INFOPLIST_KEY_UISupportedInterfaceOrientations_iPhone = "UIInterfaceOrientationPortrait UIInterfaceOrientationLandscapeLeft UIInterfaceOrientationLandscapeRight";
				LD_RUNPATH_SEARCH_PATHS = (
					"$(inherited)",
					"@executable_path/Frameworks",
				);
				MARKETING_VERSION = 1.0;
				PRODUCT_BUNDLE_IDENTIFIER = "n.MohammadMuksith-homework4";
				PRODUCT_NAME = "$(TARGET_NAME)";
				STRING_CATALOG_GENERATE_SYMBOLS = YES;
				SWIFT_APPROACHABLE_CONCURRENCY = YES;
				SWIFT_DEFAULT_ACTOR_ISOLATION = MainActor;
				SWIFT_EMIT_LOC_STRINGS = YES;
				SWIFT_UPCOMING_FEATURE_MEMBER_IMPORT_VISIBILITY = YES;
				SWIFT_VERSION = 5.0;
				TARGETED_DEVICE_FAMILY = "1,2";
			};
			name = Release;
		};
/* End XCBuildConfiguration section */

/* Begin XCConfigurationList section */
		D9D0FC1C2F5B9D3A00E3696B /* Build configuration list for PBXProject "MohammadMuksith_homework4" */ = {
			isa = XCConfigurationList;
			buildConfigurations = (
				D9D0FC2A2F5B9D3C00E3696B /* Debug */,
				D9D0FC2B2F5B9D3C00E3696B /* Release */,
			);
			defaultConfigurationIsVisible = 0;
			defaultConfigurationName = Release;
		};
		D9D0FC2C2F5B9D3C00E3696B /* Build configuration list for PBXNativeTarget "MohammadMuksith_homework4" */ = {
			isa = XCConfigurationList;
			buildConfigurations = (
				D9D0FC2D2F5B9D3C00E3696B /* Debug */,
				D9D0FC2E2F5B9D3C00E3696B /* Release */,
			);
			defaultConfigurationIsVisible = 0;
			defaultConfigurationName = Release;
		};
/* End XCConfigurationList section */

/* Begin XCRemoteSwiftPackageReference section */
		D9D0FC5D2F5B9DFB00E3696B /* XCRemoteSwiftPackageReference "firebase-ios-sdk" */ = {
			isa = XCRemoteSwiftPackageReference;
			repositoryURL = "https://github.com/firebase/firebase-ios-sdk";
			requirement = {
				kind = upToNextMajorVersion;
				minimumVersion = 12.10.0;
			};
		};
/* End XCRemoteSwiftPackageReference section */

/* Begin XCSwiftPackageProductDependency section */
		D9D0FC5E2F5B9DFB00E3696B /* FirebaseAnalytics */ = {
			isa = XCSwiftPackageProductDependency;
			package = D9D0FC5D2F5B9DFB00E3696B /* XCRemoteSwiftPackageReference "firebase-ios-sdk" */;
			productName = FirebaseAnalytics;
		};
		D9D0FC602F5B9DFB00E3696B /* FirebaseAnalyticsCore */ = {
			isa = XCSwiftPackageProductDependency;
			package = D9D0FC5D2F5B9DFB00E3696B /* XCRemoteSwiftPackageReference "firebase-ios-sdk" */;
			productName = FirebaseAnalyticsCore;
		};
		D9D0FC622F5B9DFB00E3696B /* FirebaseAnalyticsIdentitySupport */ = {
			isa = XCSwiftPackageProductDependency;
			package = D9D0FC5D2F5B9DFB00E3696B /* XCRemoteSwiftPackageReference "firebase-ios-sdk" */;
			productName = FirebaseAnalyticsIdentitySupport;
		};
		D9D0FC642F5B9DFB00E3696B /* FirebaseAppCheck */ = {
			isa = XCSwiftPackageProductDependency;
			package = D9D0FC5D2F5B9DFB00E3696B /* XCRemoteSwiftPackageReference "firebase-ios-sdk" */;
			productName = FirebaseAppCheck;
		};
		D9D0FC662F5B9DFB00E3696B /* FirebaseAuth */ = {
			isa = XCSwiftPackageProductDependency;
			package = D9D0FC5D2F5B9DFB00E3696B /* XCRemoteSwiftPackageReference "firebase-ios-sdk" */;
			productName = FirebaseAuth;
		};
		D9D0FC682F5B9DFB00E3696B /* FirebaseAuthCombine-Community */ = {
			isa = XCSwiftPackageProductDependency;
			package = D9D0FC5D2F5B9DFB00E3696B /* XCRemoteSwiftPackageReference "firebase-ios-sdk" */;
			productName = "FirebaseAuthCombine-Community";
		};
		D9D0FC6A2F5B9DFB00E3696B /* FirebaseCore */ = {
			isa = XCSwiftPackageProductDependency;
			package = D9D0FC5D2F5B9DFB00E3696B /* XCRemoteSwiftPackageReference "firebase-ios-sdk" */;
			productName = FirebaseCore;
		};
		D9D0FC6C2F5B9DFB00E3696B /* FirebaseCrashlytics */ = {
			isa = XCSwiftPackageProductDependency;
			package = D9D0FC5D2F5B9DFB00E3696B /* XCRemoteSwiftPackageReference "firebase-ios-sdk" */;
			productName = FirebaseCrashlytics;
		};
		D9D0FC6E2F5B9DFB00E3696B /* FirebaseDatabase */ = {
			isa = XCSwiftPackageProductDependency;
			package = D9D0FC5D2F5B9DFB00E3696B /* XCRemoteSwiftPackageReference "firebase-ios-sdk" */;
			productName = FirebaseDatabase;
		};
		D9D0FC702F5B9DFB00E3696B /* FirebaseFirestore */ = {
			isa = XCSwiftPackageProductDependency;
			package = D9D0FC5D2F5B9DFB00E3696B /* XCRemoteSwiftPackageReference "firebase-ios-sdk" */;
			productName = FirebaseFirestore;
		};
		D9D0FC722F5B9DFB00E3696B /* FirebaseFirestoreCombine-Community */ = {
			isa = XCSwiftPackageProductDependency;
			package = D9D0FC5D2F5B9DFB00E3696B /* XCRemoteSwiftPackageReference "firebase-ios-sdk" */;
			productName = "FirebaseFirestoreCombine-Community";
		};
		D9D0FC742F5B9DFB00E3696B /* FirebasePerformance */ = {
			isa = XCSwiftPackageProductDependency;
			package = D9D0FC5D2F5B9DFB00E3696B /* XCRemoteSwiftPackageReference "firebase-ios-sdk" */;
			productName = FirebasePerformance;
		};
		D9D0FC762F5B9DFB00E3696B /* FirebaseRemoteConfig */ = {
			isa = XCSwiftPackageProductDependency;
			package = D9D0FC5D2F5B9DFB00E3696B /* XCRemoteSwiftPackageReference "firebase-ios-sdk" */;
			productName = FirebaseRemoteConfig;
		};
		D9D0FC782F5B9DFB00E3696B /* FirebaseStorage */ = {
			isa = XCSwiftPackageProductDependency;
			package = D9D0FC5D2F5B9DFB00E3696B /* XCRemoteSwiftPackageReference "firebase-ios-sdk" */;
			productName = FirebaseStorage;
		};
		D9D0FC7A2F5B9DFB00E3696B /* FirebaseStorageCombine-Community */ = {
			isa = XCSwiftPackageProductDependency;
			package = D9D0FC5D2F5B9DFB00E3696B /* XCRemoteSwiftPackageReference "firebase-ios-sdk" */;
			productName = "FirebaseStorageCombine-Community";
		};
/* End XCSwiftPackageProductDependency section */
	};
	rootObject = D9D0FC192F5B9D3A00E3696B /* Project object */;
}
