// !$*UTF8*$!
{
	archiveVersion = 1;
	classes = {
	};
	objectVersion = 77;
	objects = {

/* Begin PBXBuildFile section */
		C84DBAC42F46D919005009C5 /* GoogleMaps in Frameworks */ = {isa = PBXBuildFile; productRef = C84DBAC32F46D919005009C5 /* GoogleMaps */; };
		D9E481EB2F464FEF007E83E4 /* FirebaseAnalytics in Frameworks */ = {isa = PBXBuildFile; productRef = D9E481EA2F464FEF007E83E4 /* FirebaseAnalytics */; };
		D9E481ED2F464FEF007E83E4 /* FirebaseAnalyticsCore in Frameworks */ = {isa = PBXBuildFile; productRef = D9E481EC2F464FEF007E83E4 /* FirebaseAnalyticsCore */; };
		D9E481EF2F464FEF007E83E4 /* FirebaseAnalyticsIdentitySupport in Frameworks */ = {isa = PBXBuildFile; productRef = D9E481EE2F464FEF007E83E4 /* FirebaseAnalyticsIdentitySupport */; };
		D9E481F12F464FEF007E83E4 /* FirebaseAppCheck in Frameworks */ = {isa = PBXBuildFile; productRef = D9E481F02F464FEF007E83E4 /* FirebaseAppCheck */; };
		D9E481F32F464FEF007E83E4 /* FirebaseAppDistribution-Beta in Frameworks */ = {isa = PBXBuildFile; productRef = D9E481F22F464FEF007E83E4 /* FirebaseAppDistribution-Beta */; };
		D9E481F52F464FEF007E83E4 /* FirebaseAuth in Frameworks */ = {isa = PBXBuildFile; productRef = D9E481F42F464FEF007E83E4 /* FirebaseAuth */; };
		D9E481F72F464FEF007E83E4 /* FirebaseAuthCombine-Community in Frameworks */ = {isa = PBXBuildFile; productRef = D9E481F62F464FEF007E83E4 /* FirebaseAuthCombine-Community */; };
		D9E481F92F464FEF007E83E4 /* FirebaseCore in Frameworks */ = {isa = PBXBuildFile; productRef = D9E481F82F464FEF007E83E4 /* FirebaseCore */; };
		D9E481FB2F464FEF007E83E4 /* FirebaseCrashlytics in Frameworks */ = {isa = PBXBuildFile; productRef = D9E481FA2F464FEF007E83E4 /* FirebaseCrashlytics */; };
		D9E481FD2F464FEF007E83E4 /* FirebaseDatabase in Frameworks */ = {isa = PBXBuildFile; productRef = D9E481FC2F464FEF007E83E4 /* FirebaseDatabase */; };
		D9E481FF2F464FEF007E83E4 /* FirebaseFirestore in Frameworks */ = {isa = PBXBuildFile; productRef = D9E481FE2F464FEF007E83E4 /* FirebaseFirestore */; };
		D9E482012F464FEF007E83E4 /* FirebaseFirestoreCombine-Community in Frameworks */ = {isa = PBXBuildFile; productRef = D9E482002F464FEF007E83E4 /* FirebaseFirestoreCombine-Community */; };
		D9E482032F464FEF007E83E4 /* FirebaseFunctions in Frameworks */ = {isa = PBXBuildFile; productRef = D9E482022F464FEF007E83E4 /* FirebaseFunctions */; };
		D9E482052F464FEF007E83E4 /* FirebaseFunctionsCombine-Community in Frameworks */ = {isa = PBXBuildFile; productRef = D9E482042F464FEF007E83E4 /* FirebaseFunctionsCombine-Community */; };
		D9E482072F464FEF007E83E4 /* FirebaseInAppMessaging-Beta in Frameworks */ = {isa = PBXBuildFile; productRef = D9E482062F464FEF007E83E4 /* FirebaseInAppMessaging-Beta */; };
		D9E482092F464FEF007E83E4 /* FirebaseMessaging in Frameworks */ = {isa = PBXBuildFile; productRef = D9E482082F464FEF007E83E4 /* FirebaseMessaging */; };
		D9E4820B2F464FEF007E83E4 /* FirebasePerformance in Frameworks */ = {isa = PBXBuildFile; productRef = D9E4820A2F464FEF007E83E4 /* FirebasePerformance */; };
		D9E4820D2F464FEF007E83E4 /* FirebaseRemoteConfig in Frameworks */ = {isa = PBXBuildFile; productRef = D9E4820C2F464FEF007E83E4 /* FirebaseRemoteConfig */; };
		D9E4820F2F464FEF007E83E4 /* FirebaseStorage in Frameworks */ = {isa = PBXBuildFile; productRef = D9E4820E2F464FEF007E83E4 /* FirebaseStorage */; };
		D9E482112F464FEF007E83E4 /* FirebaseStorageCombine-Community in Frameworks */ = {isa = PBXBuildFile; productRef = D9E482102F464FEF007E83E4 /* FirebaseStorageCombine-Community */; };
/* End PBXBuildFile section */

/* Begin PBXFileReference section */
		C84DBAC82F46DC6E005009C5 /* libswift_DarwinFoundation2.tbd */ = {isa = PBXFileReference; lastKnownFileType = "sourcecode.text-based-dylib-definition"; name = libswift_DarwinFoundation2.tbd; path = usr/lib/swift/libswift_DarwinFoundation2.tbd; sourceTree = SDKROOT; };
		C84DBAC92F46DC6E005009C5 /* libswift_DarwinFoundation1.tbd */ = {isa = PBXFileReference; lastKnownFileType = "sourcecode.text-based-dylib-definition"; name = libswift_DarwinFoundation1.tbd; path = usr/lib/swift/libswift_DarwinFoundation1.tbd; sourceTree = SDKROOT; };
		C84DBACA2F46DC6E005009C5 /* libswift_DarwinFoundation3.tbd */ = {isa = PBXFileReference; lastKnownFileType = "sourcecode.text-based-dylib-definition"; name = libswift_DarwinFoundation3.tbd; path = usr/lib/swift/libswift_DarwinFoundation3.tbd; sourceTree = SDKROOT; };
		C84DBACB2F46DC6E005009C5 /* libswiftCoreFoundation.tbd */ = {isa = PBXFileReference; lastKnownFileType = "sourcecode.text-based-dylib-definition"; name = libswiftCoreFoundation.tbd; path = usr/lib/swift/libswiftCoreFoundation.tbd; sourceTree = SDKROOT; };
		C84DBACC2F46DC6E005009C5 /* CoreFoundation.framework */ = {isa = PBXFileReference; lastKnownFileType = wrapper.framework; name = CoreFoundation.framework; path = System/Library/Frameworks/CoreFoundation.framework; sourceTree = SDKROOT; };
		C84DBACD2F46DC6E005009C5 /* libswiftAVFoundation.tbd */ = {isa = PBXFileReference; lastKnownFileType = "sourcecode.text-based-dylib-definition"; name = libswiftAVFoundation.tbd; path = usr/lib/swift/libswiftAVFoundation.tbd; sourceTree = SDKROOT; };
		C84DBACE2F46DC6E005009C5 /* AVFoundation.framework */ = {isa = PBXFileReference; lastKnownFileType = wrapper.framework; name = AVFoundation.framework; path = System/Library/Frameworks/AVFoundation.framework; sourceTree = SDKROOT; };
		C84DBACF2F46DC6E005009C5 /* libswiftExtensionFoundation.tbd */ = {isa = PBXFileReference; lastKnownFileType = "sourcecode.text-based-dylib-definition"; name = libswiftExtensionFoundation.tbd; path = usr/lib/swift/libswiftExtensionFoundation.tbd; sourceTree = SDKROOT; };
		C84DBAD02F46DC6E005009C5 /* libswiftFoundation.tbd */ = {isa = PBXFileReference; lastKnownFileType = "sourcecode.text-based-dylib-definition"; name = libswiftFoundation.tbd; path = usr/lib/swift/libswiftFoundation.tbd; sourceTree = SDKROOT; };
		C84DBAD12F46DC6E005009C5 /* libswiftSystem_Foundation.tbd */ = {isa = PBXFileReference; lastKnownFileType = "sourcecode.text-based-dylib-definition"; name = libswiftSystem_Foundation.tbd; path = usr/lib/swift/libswiftSystem_Foundation.tbd; sourceTree = SDKROOT; };
		C84DBAD22F46DC6E005009C5 /* FoundationModels.framework */ = {isa = PBXFileReference; lastKnownFileType = wrapper.framework; name = FoundationModels.framework; path = System/Library/Frameworks/FoundationModels.framework; sourceTree = SDKROOT; };
		C84DBAD32F46DC6E005009C5 /* Foundation.framework */ = {isa = PBXFileReference; lastKnownFileType = wrapper.framework; name = Foundation.framework; path = System/Library/Frameworks/Foundation.framework; sourceTree = SDKROOT; };
		C84DBAD42F46DC6E005009C5 /* ExtensionFoundation.framework */ = {isa = PBXFileReference; lastKnownFileType = wrapper.framework; name = ExtensionFoundation.framework; path = System/Library/Frameworks/ExtensionFoundation.framework; sourceTree = SDKROOT; };
		C84DBAD52F46DC6E005009C5 /* StickerFoundation.framework */ = {isa = PBXFileReference; lastKnownFileType = wrapper.framework; name = StickerFoundation.framework; path = System/Library/Frameworks/StickerFoundation.framework; sourceTree = SDKROOT; };
		C84DBAD62F46DC6E005009C5 /* RealityFoundation.framework */ = {isa = PBXFileReference; lastKnownFileType = wrapper.framework; name = RealityFoundation.framework; path = System/Library/Frameworks/RealityFoundation.framework; sourceTree = SDKROOT; };
		D9E481172F3E24A1007E83E4 /* FleetTracker.app */ = {isa = PBXFileReference; explicitFileType = wrapper.application; includeInIndex = 0; path = FleetTracker.app; sourceTree = BUILT_PRODUCTS_DIR; };
/* End PBXFileReference section */

/* Begin PBXFileSystemSynchronizedBuildFileExceptionSet section */
		D9E4812B2F3E2E0E007E83E4 /* Exceptions for "FleetTracker" folder in "FleetTracker" target */ = {
			isa = PBXFileSystemSynchronizedBuildFileExceptionSet;
			membershipExceptions = (
				Info.plist,
			);
			target = D9E481162F3E24A1007E83E4 /* FleetTracker */;
		};
/* End PBXFileSystemSynchronizedBuildFileExceptionSet section */

/* Begin PBXFileSystemSynchronizedRootGroup section */
		D9E481192F3E24A1007E83E4 /* FleetTracker */ = {
			isa = PBXFileSystemSynchronizedRootGroup;
			exceptions = (
				D9E4812B2F3E2E0E007E83E4 /* Exceptions for "FleetTracker" folder in "FleetTracker" target */,
			);
			path = FleetTracker;
			sourceTree = "<group>";
		};
/* End PBXFileSystemSynchronizedRootGroup section */

/* Begin PBXFrameworksBuildPhase section */
		D9E481142F3E24A1007E83E4 /* Frameworks */ = {
			isa = PBXFrameworksBuildPhase;
			buildActionMask = 2147483647;
			files = (
				D9E482092F464FEF007E83E4 /* FirebaseMessaging in Frameworks */,
				D9E481FD2F464FEF007E83E4 /* FirebaseDatabase in Frameworks */,
				D9E482112F464FEF007E83E4 /* FirebaseStorageCombine-Community in Frameworks */,
				D9E481F12F464FEF007E83E4 /* FirebaseAppCheck in Frameworks */,
				D9E481F52F464FEF007E83E4 /* FirebaseAuth in Frameworks */,
				C84DBAC42F46D919005009C5 /* GoogleMaps in Frameworks */,
				D9E481EB2F464FEF007E83E4 /* FirebaseAnalytics in Frameworks */,
				D9E481F32F464FEF007E83E4 /* FirebaseAppDistribution-Beta in Frameworks */,
				D9E481ED2F464FEF007E83E4 /* FirebaseAnalyticsCore in Frameworks */,
				D9E481F72F464FEF007E83E4 /* FirebaseAuthCombine-Community in Frameworks */,
				D9E482052F464FEF007E83E4 /* FirebaseFunctionsCombine-Community in Frameworks */,
				D9E4820F2F464FEF007E83E4 /* FirebaseStorage in Frameworks */,
				D9E4820D2F464FEF007E83E4 /* FirebaseRemoteConfig in Frameworks */,
				D9E4820B2F464FEF007E83E4 /* FirebasePerformance in Frameworks */,
				D9E481FB2F464FEF007E83E4 /* FirebaseCrashlytics in Frameworks */,
				D9E481F92F464FEF007E83E4 /* FirebaseCore in Frameworks */,
				D9E482032F464FEF007E83E4 /* FirebaseFunctions in Frameworks */,
				D9E482012F464FEF007E83E4 /* FirebaseFirestoreCombine-Community in Frameworks */,
				D9E481FF2F464FEF007E83E4 /* FirebaseFirestore in Frameworks */,
				D9E481EF2F464FEF007E83E4 /* FirebaseAnalyticsIdentitySupport in Frameworks */,
				D9E482072F464FEF007E83E4 /* FirebaseInAppMessaging-Beta in Frameworks */,
			);
			runOnlyForDeploymentPostprocessing = 0;
		};
/* End PBXFrameworksBuildPhase section */

/* Begin PBXGroup section */
		C84DBAC72F46DC6E005009C5 /* Frameworks */ = {
			isa = PBXGroup;
			children = (
				C84DBACE2F46DC6E005009C5 /* AVFoundation.framework */,
				C84DBACC2F46DC6E005009C5 /* CoreFoundation.framework */,
				C84DBAD42F46DC6E005009C5 /* ExtensionFoundation.framework */,
				C84DBAD32F46DC6E005009C5 /* Foundation.framework */,
				C84DBAD22F46DC6E005009C5 /* FoundationModels.framework */,
				C84DBAC92F46DC6E005009C5 /* libswift_DarwinFoundation1.tbd */,
				C84DBAC82F46DC6E005009C5 /* libswift_DarwinFoundation2.tbd */,
				C84DBACA2F46DC6E005009C5 /* libswift_DarwinFoundation3.tbd */,
				C84DBACD2F46DC6E005009C5 /* libswiftAVFoundation.tbd */,
				C84DBACB2F46DC6E005009C5 /* libswiftCoreFoundation.tbd */,
				C84DBACF2F46DC6E005009C5 /* libswiftExtensionFoundation.tbd */,
				C84DBAD02F46DC6E005009C5 /* libswiftFoundation.tbd */,
				C84DBAD12F46DC6E005009C5 /* libswiftSystem_Foundation.tbd */,
				C84DBAD62F46DC6E005009C5 /* RealityFoundation.framework */,
				C84DBAD52F46DC6E005009C5 /* StickerFoundation.framework */,
			);
			name = Frameworks;
			sourceTree = "<group>";
		};
		D9E4810E2F3E24A1007E83E4 = {
			isa = PBXGroup;
			children = (
				D9E481192F3E24A1007E83E4 /* FleetTracker */,
				C84DBAC72F46DC6E005009C5 /* Frameworks */,
				D9E481182F3E24A1007E83E4 /* Products */,
			);
			sourceTree = "<group>";
		};
		D9E481182F3E24A1007E83E4 /* Products */ = {
			isa = PBXGroup;
			children = (
				D9E481172F3E24A1007E83E4 /* FleetTracker.app */,
			);
			name = Products;
			sourceTree = "<group>";
		};
/* End PBXGroup section */

/* Begin PBXNativeTarget section */
		D9E481162F3E24A1007E83E4 /* FleetTracker */ = {
			isa = PBXNativeTarget;
			buildConfigurationList = D9E481222F3E24A3007E83E4 /* Build configuration list for PBXNativeTarget "FleetTracker" */;
			buildPhases = (
				D9E481132F3E24A1007E83E4 /* Sources */,
				D9E481142F3E24A1007E83E4 /* Frameworks */,
				D9E481152F3E24A1007E83E4 /* Resources */,
			);
			buildRules = (
			);
			dependencies = (
			);
			fileSystemSynchronizedGroups = (
				D9E481192F3E24A1007E83E4 /* FleetTracker */,
			);
			name = FleetTracker;
			packageProductDependencies = (
				D9E481EA2F464FEF007E83E4 /* FirebaseAnalytics */,
				D9E481EC2F464FEF007E83E4 /* FirebaseAnalyticsCore */,
				D9E481EE2F464FEF007E83E4 /* FirebaseAnalyticsIdentitySupport */,
				D9E481F02F464FEF007E83E4 /* FirebaseAppCheck */,
				D9E481F22F464FEF007E83E4 /* FirebaseAppDistribution-Beta */,
				D9E481F42F464FEF007E83E4 /* FirebaseAuth */,
				D9E481F62F464FEF007E83E4 /* FirebaseAuthCombine-Community */,
				D9E481F82F464FEF007E83E4 /* FirebaseCore */,
				D9E481FA2F464FEF007E83E4 /* FirebaseCrashlytics */,
				D9E481FC2F464FEF007E83E4 /* FirebaseDatabase */,
				D9E481FE2F464FEF007E83E4 /* FirebaseFirestore */,
				D9E482002F464FEF007E83E4 /* FirebaseFirestoreCombine-Community */,
				D9E482022F464FEF007E83E4 /* FirebaseFunctions */,
				D9E482042F464FEF007E83E4 /* FirebaseFunctionsCombine-Community */,
				D9E482062F464FEF007E83E4 /* FirebaseInAppMessaging-Beta */,
				D9E482082F464FEF007E83E4 /* FirebaseMessaging */,
				D9E4820A2F464FEF007E83E4 /* FirebasePerformance */,
				D9E4820C2F464FEF007E83E4 /* FirebaseRemoteConfig */,
				D9E4820E2F464FEF007E83E4 /* FirebaseStorage */,
				D9E482102F464FEF007E83E4 /* FirebaseStorageCombine-Community */,
				C84DBAC32F46D919005009C5 /* GoogleMaps */,
			);
			productName = FleetTracker;
			productReference = D9E481172F3E24A1007E83E4 /* FleetTracker.app */;
			productType = "com.apple.product-type.application";
		};
/* End PBXNativeTarget section */

/* Begin PBXProject section */
		D9E4810F2F3E24A1007E83E4 /* Project object */ = {
			isa = PBXProject;
			attributes = {
				BuildIndependentTargetsInParallel = 1;
				LastSwiftUpdateCheck = 2620;
				LastUpgradeCheck = 2620;
				TargetAttributes = {
					D9E481162F3E24A1007E83E4 = {
						CreatedOnToolsVersion = 26.2;
					};
				};
			};
			buildConfigurationList = D9E481122F3E24A1007E83E4 /* Build configuration list for PBXProject "FleetTracker" */;
			developmentRegion = en;
			hasScannedForEncodings = 0;
			knownRegions = (
				en,
				Base,
			);
			mainGroup = D9E4810E2F3E24A1007E83E4;
			minimizedProjectReferenceProxies = 1;
			packageReferences = (
				D9E481E92F464FEF007E83E4 /* XCRemoteSwiftPackageReference "firebase-ios-sdk" */,
				C84DBAC22F46D919005009C5 /* XCRemoteSwiftPackageReference "ios-maps-sdk" */,
			);
			preferredProjectObjectVersion = 77;
			productRefGroup = D9E481182F3E24A1007E83E4 /* Products */;
			projectDirPath = "";
			projectRoot = "";
			targets = (
				D9E481162F3E24A1007E83E4 /* FleetTracker */,
			);
		};
/* End PBXProject section */

/* Begin PBXResourcesBuildPhase section */
		D9E481152F3E24A1007E83E4 /* Resources */ = {
			isa = PBXResourcesBuildPhase;
			buildActionMask = 2147483647;
			files = (
			);
			runOnlyForDeploymentPostprocessing = 0;
		};
/* End PBXResourcesBuildPhase section */

/* Begin PBXSourcesBuildPhase section */
		D9E481132F3E24A1007E83E4 /* Sources */ = {
			isa = PBXSourcesBuildPhase;
			buildActionMask = 2147483647;
			files = (
			);
			runOnlyForDeploymentPostprocessing = 0;
		};
/* End PBXSourcesBuildPhase section */

/* Begin XCBuildConfiguration section */
		D9E481202F3E24A3007E83E4 /* Debug */ = {
			isa = XCBuildConfiguration;
			buildSettings = {
				ALWAYS_SEARCH_USER_PATHS = NO;
				ASSETCATALOG_COMPILER_GENERATE_SWIFT_ASSET_SYMBOL_EXTENSIONS = YES;
				CLANG_ANALYZER_NONNULL = YES;
				CLANG_ANALYZER_NUMBER_OBJECT_CONVERSION = YES_AGGRESSIVE;
				CLANG_CXX_LANGUAGE_STANDARD = "gnu++20";
				CLANG_ENABLE_MODULES = YES;
				CLANG_ENABLE_OBJC_ARC = YES;
				CLANG_ENABLE_OBJC_WEAK = YES;
				CLANG_WARN_BLOCK_CAPTURE_AUTORELEASING = YES;
				CLANG_WARN_BOOL_CONVERSION = YES;
				CLANG_WARN_COMMA = YES;
				CLANG_WARN_CONSTANT_CONVERSION = YES;
				CLANG_WARN_DEPRECATED_OBJC_IMPLEMENTATIONS = YES;
				CLANG_WARN_DIRECT_OBJC_ISA_USAGE = YES_ERROR;
				CLANG_WARN_DOCUMENTATION_COMMENTS = YES;
				CLANG_WARN_EMPTY_BODY = YES;
				CLANG_WARN_ENUM_CONVERSION = YES;
				CLANG_WARN_INFINITE_RECURSION = YES;
				CLANG_WARN_INT_CONVERSION = YES;
				CLANG_WARN_NON_LITERAL_NULL_CONVERSION = YES;
				CLANG_WARN_OBJC_IMPLICIT_RETAIN_SELF = YES;
				CLANG_WARN_OBJC_LITERAL_CONVERSION = YES;
				CLANG_WARN_OBJC_ROOT_CLASS = YES_ERROR;
				CLANG_WARN_QUOTED_INCLUDE_IN_FRAMEWORK_HEADER = YES;
				CLANG_WARN_RANGE_LOOP_ANALYSIS = YES;
				CLANG_WARN_STRICT_PROTOTYPES = YES;
				CLANG_WARN_SUSPICIOUS_MOVE = YES;
				CLANG_WARN_UNGUARDED_AVAILABILITY = YES_AGGRESSIVE;
				CLANG_WARN_UNREACHABLE_CODE = YES;
				CLANG_WARN__DUPLICATE_METHOD_MATCH = YES;
				COPY_PHASE_STRIP = NO;
				DEBUG_INFORMATION_FORMAT = dwarf;
				DEVELOPMENT_TEAM = 4V7T96VN9D;
				ENABLE_STRICT_OBJC_MSGSEND = YES;
				ENABLE_TESTABILITY = YES;
				ENABLE_USER_SCRIPT_SANDBOXING = YES;
				GCC_C_LANGUAGE_STANDARD = gnu17;
				GCC_DYNAMIC_NO_PIC = NO;
				GCC_NO_COMMON_BLOCKS = YES;
				GCC_OPTIMIZATION_LEVEL = 0;
				GCC_PREPROCESSOR_DEFINITIONS = (
					"DEBUG=1",
					"$(inherited)",
				);
				GCC_WARN_64_TO_32_BIT_CONVERSION = YES;
				GCC_WARN_ABOUT_RETURN_TYPE = YES_ERROR;
				GCC_WARN_UNDECLARED_SELECTOR = YES;
				GCC_WARN_UNINITIALIZED_AUTOS = YES_AGGRESSIVE;
				GCC_WARN_UNUSED_FUNCTION = YES;
				GCC_WARN_UNUSED_VARIABLE = YES;
				IPHONEOS_DEPLOYMENT_TARGET = 26.2;
				LOCALIZATION_PREFERS_STRING_CATALOGS = YES;
				MTL_ENABLE_DEBUG_INFO = INCLUDE_SOURCE;
				MTL_FAST_MATH = YES;
				ONLY_ACTIVE_ARCH = YES;
				SDKROOT = iphoneos;
				SWIFT_ACTIVE_COMPILATION_CONDITIONS = "DEBUG $(inherited)";
				SWIFT_OPTIMIZATION_LEVEL = "-Onone";
			};
			name = Debug;
		};
		D9E481212F3E24A3007E83E4 /* Release */ = {
			isa = XCBuildConfiguration;
			buildSettings = {
				ALWAYS_SEARCH_USER_PATHS = NO;
				ASSETCATALOG_COMPILER_GENERATE_SWIFT_ASSET_SYMBOL_EXTENSIONS = YES;
				CLANG_ANALYZER_NONNULL = YES;
				CLANG_ANALYZER_NUMBER_OBJECT_CONVERSION = YES_AGGRESSIVE;
				CLANG_CXX_LANGUAGE_STANDARD = "gnu++20";
				CLANG_ENABLE_MODULES = YES;
				CLANG_ENABLE_OBJC_ARC = YES;
				CLANG_ENABLE_OBJC_WEAK = YES;
				CLANG_WARN_BLOCK_CAPTURE_AUTORELEASING = YES;
				CLANG_WARN_BOOL_CONVERSION = YES;
				CLANG_WARN_COMMA = YES;
				CLANG_WARN_CONSTANT_CONVERSION = YES;
				CLANG_WARN_DEPRECATED_OBJC_IMPLEMENTATIONS = YES;
				CLANG_WARN_DIRECT_OBJC_ISA_USAGE = YES_ERROR;
				CLANG_WARN_DOCUMENTATION_COMMENTS = YES;
				CLANG_WARN_EMPTY_BODY = YES;
				CLANG_WARN_ENUM_CONVERSION = YES;
				CLANG_WARN_INFINITE_RECURSION = YES;
				CLANG_WARN_INT_CONVERSION = YES;
				CLANG_WARN_NON_LITERAL_NULL_CONVERSION = YES;
				CLANG_WARN_OBJC_IMPLICIT_RETAIN_SELF = YES;
				CLANG_WARN_OBJC_LITERAL_CONVERSION = YES;
				CLANG_WARN_OBJC_ROOT_CLASS = YES_ERROR;
				CLANG_WARN_QUOTED_INCLUDE_IN_FRAMEWORK_HEADER = YES;
				CLANG_WARN_RANGE_LOOP_ANALYSIS = YES;
				CLANG_WARN_STRICT_PROTOTYPES = YES;
				CLANG_WARN_SUSPICIOUS_MOVE = YES;
				CLANG_WARN_UNGUARDED_AVAILABILITY = YES_AGGRESSIVE;
				CLANG_WARN_UNREACHABLE_CODE = YES;
				CLANG_WARN__DUPLICATE_METHOD_MATCH = YES;
				COPY_PHASE_STRIP = NO;
				DEBUG_INFORMATION_FORMAT = "dwarf-with-dsym";
				DEVELOPMENT_TEAM = 4V7T96VN9D;
				ENABLE_NS_ASSERTIONS = NO;
				ENABLE_STRICT_OBJC_MSGSEND = YES;
				ENABLE_USER_SCRIPT_SANDBOXING = YES;
				GCC_C_LANGUAGE_STANDARD = gnu17;
				GCC_NO_COMMON_BLOCKS = YES;
				GCC_WARN_64_TO_32_BIT_CONVERSION = YES;
				GCC_WARN_ABOUT_RETURN_TYPE = YES_ERROR;
				GCC_WARN_UNDECLARED_SELECTOR = YES;
				GCC_WARN_UNINITIALIZED_AUTOS = YES_AGGRESSIVE;
				GCC_WARN_UNUSED_FUNCTION = YES;
				GCC_WARN_UNUSED_VARIABLE = YES;
				IPHONEOS_DEPLOYMENT_TARGET = 26.2;
				LOCALIZATION_PREFERS_STRING_CATALOGS = YES;
				MTL_ENABLE_DEBUG_INFO = NO;
				MTL_FAST_MATH = YES;
				SDKROOT = iphoneos;
				SWIFT_COMPILATION_MODE = wholemodule;
				VALIDATE_PRODUCT = YES;
			};
			name = Release;
		};
		D9E481232F3E24A3007E83E4 /* Debug */ = {
			isa = XCBuildConfiguration;
			buildSettings = {
				ASSETCATALOG_COMPILER_APPICON_NAME = AppIcon;
				ASSETCATALOG_COMPILER_GLOBAL_ACCENT_COLOR_NAME = AccentColor;
				CODE_SIGN_STYLE = Automatic;
				CURRENT_PROJECT_VERSION = 1;
				DEVELOPMENT_TEAM = MU68BFYHJR;
				ENABLE_PREVIEWS = YES;
				GENERATE_INFOPLIST_FILE = YES;
				INFOPLIST_FILE = FleetTracker/Info.plist;
				INFOPLIST_KEY_NSLocationAlwaysAndWhenInUseUsageDescription = "Location Needed";
				INFOPLIST_KEY_NSLocationAlwaysUsageDescription = "Location Needed";
				INFOPLIST_KEY_NSLocationUsageDescription = "Location Needed";
				INFOPLIST_KEY_NSLocationWhenInUseUsageDescription = "Location Needed";
				INFOPLIST_KEY_UIApplicationSceneManifest_Generation = YES;
				INFOPLIST_KEY_UIApplicationSupportsIndirectInputEvents = YES;
				INFOPLIST_KEY_UILaunchScreen_Generation = YES;
				INFOPLIST_KEY_UISupportedInterfaceOrientations_iPad = "UIInterfaceOrientationPortrait UIInterfaceOrientationPortraitUpsideDown UIInterfaceOrientationLandscapeLeft UIInterfaceOrientationLandscapeRight";
				INFOPLIST_KEY_UISupportedInterfaceOrientations_iPhone = "UIInterfaceOrientationPortrait UIInterfaceOrientationLandscapeLeft UIInterfaceOrientationLandscapeRight";
				LD_RUNPATH_SEARCH_PATHS = (
					"$(inherited)",
					"@executable_path/Frameworks",
				);
				MARKETING_VERSION = 1.0;
				PRODUCT_BUNDLE_IDENTIFIER = Ashley.FleetTracker;
				PRODUCT_NAME = "$(TARGET_NAME)";
				STRING_CATALOG_GENERATE_SYMBOLS = YES;
				SWIFT_APPROACHABLE_CONCURRENCY = YES;
				SWIFT_DEFAULT_ACTOR_ISOLATION = MainActor;
				SWIFT_EMIT_LOC_STRINGS = YES;
				SWIFT_UPCOMING_FEATURE_MEMBER_IMPORT_VISIBILITY = YES;
				SWIFT_VERSION = 5.0;
				TARGETED_DEVICE_FAMILY = "1,2";
			};
			name = Debug;
		};
		D9E481242F3E24A3007E83E4 /* Release */ = {
			isa = XCBuildConfiguration;
			buildSettings = {
				ASSETCATALOG_COMPILER_APPICON_NAME = AppIcon;
				ASSETCATALOG_COMPILER_GLOBAL_ACCENT_COLOR_NAME = AccentColor;
				CODE_SIGN_STYLE = Automatic;
				CURRENT_PROJECT_VERSION = 1;
				DEVELOPMENT_TEAM = MU68BFYHJR;
				ENABLE_PREVIEWS = YES;
				GENERATE_INFOPLIST_FILE = YES;
				INFOPLIST_FILE = FleetTracker/Info.plist;
				INFOPLIST_KEY_NSLocationAlwaysAndWhenInUseUsageDescription = "Location Needed";
				INFOPLIST_KEY_NSLocationAlwaysUsageDescription = "Location Needed";
				INFOPLIST_KEY_NSLocationUsageDescription = "Location Needed";
				INFOPLIST_KEY_NSLocationWhenInUseUsageDescription = "Location Needed";
				INFOPLIST_KEY_UIApplicationSceneManifest_Generation = YES;
				INFOPLIST_KEY_UIApplicationSupportsIndirectInputEvents = YES;
				INFOPLIST_KEY_UILaunchScreen_Generation = YES;
				INFOPLIST_KEY_UISupportedInterfaceOrientations_iPad = "UIInterfaceOrientationPortrait UIInterfaceOrientationPortraitUpsideDown UIInterfaceOrientationLandscapeLeft UIInterfaceOrientationLandscapeRight";
				INFOPLIST_KEY_UISupportedInterfaceOrientations_iPhone = "UIInterfaceOrientationPortrait UIInterfaceOrientationLandscapeLeft UIInterfaceOrientationLandscapeRight";
				LD_RUNPATH_SEARCH_PATHS = (
					"$(inherited)",
					"@executable_path/Frameworks",
				);
				MARKETING_VERSION = 1.0;
				PRODUCT_BUNDLE_IDENTIFIER = Ashley.FleetTracker;
				PRODUCT_NAME = "$(TARGET_NAME)";
				STRING_CATALOG_GENERATE_SYMBOLS = YES;
				SWIFT_APPROACHABLE_CONCURRENCY = YES;
				SWIFT_DEFAULT_ACTOR_ISOLATION = MainActor;
				SWIFT_EMIT_LOC_STRINGS = YES;
				SWIFT_UPCOMING_FEATURE_MEMBER_IMPORT_VISIBILITY = YES;
				SWIFT_VERSION = 5.0;
				TARGETED_DEVICE_FAMILY = "1,2";
			};
			name = Release;
		};
/* End XCBuildConfiguration section */

/* Begin XCConfigurationList section */
		D9E481122F3E24A1007E83E4 /* Build configuration list for PBXProject "FleetTracker" */ = {
			isa = XCConfigurationList;
			buildConfigurations = (
				D9E481202F3E24A3007E83E4 /* Debug */,
				D9E481212F3E24A3007E83E4 /* Release */,
			);
			defaultConfigurationIsVisible = 0;
			defaultConfigurationName = Release;
		};
		D9E481222F3E24A3007E83E4 /* Build configuration list for PBXNativeTarget "FleetTracker" */ = {
			isa = XCConfigurationList;
			buildConfigurations = (
				D9E481232F3E24A3007E83E4 /* Debug */,
				D9E481242F3E24A3007E83E4 /* Release */,
			);
			defaultConfigurationIsVisible = 0;
			defaultConfigurationName = Release;
		};
/* End XCConfigurationList section */

/* Begin XCRemoteSwiftPackageReference section */
		C84DBAC22F46D919005009C5 /* XCRemoteSwiftPackageReference "ios-maps-sdk" */ = {
			isa = XCRemoteSwiftPackageReference;
			repositoryURL = "https://github.com/googlemaps/ios-maps-sdk";
			requirement = {
				kind = upToNextMajorVersion;
				minimumVersion = 10.8.0;
			};
		};
		D9E481E92F464FEF007E83E4 /* XCRemoteSwiftPackageReference "firebase-ios-sdk" */ = {
			isa = XCRemoteSwiftPackageReference;
			repositoryURL = "https://github.com/firebase/firebase-ios-sdk";
			requirement = {
				kind = upToNextMajorVersion;
				minimumVersion = 12.9.0;
			};
		};
/* End XCRemoteSwiftPackageReference section */

/* Begin XCSwiftPackageProductDependency section */
		C84DBAC32F46D919005009C5 /* GoogleMaps */ = {
			isa = XCSwiftPackageProductDependency;
			package = C84DBAC22F46D919005009C5 /* XCRemoteSwiftPackageReference "ios-maps-sdk" */;
			productName = GoogleMaps;
		};
		D9E481EA2F464FEF007E83E4 /* FirebaseAnalytics */ = {
			isa = XCSwiftPackageProductDependency;
			package = D9E481E92F464FEF007E83E4 /* XCRemoteSwiftPackageReference "firebase-ios-sdk" */;
			productName = FirebaseAnalytics;
		};
		D9E481EC2F464FEF007E83E4 /* FirebaseAnalyticsCore */ = {
			isa = XCSwiftPackageProductDependency;
			package = D9E481E92F464FEF007E83E4 /* XCRemoteSwiftPackageReference "firebase-ios-sdk" */;
			productName = FirebaseAnalyticsCore;
		};
		D9E481EE2F464FEF007E83E4 /* FirebaseAnalyticsIdentitySupport */ = {
			isa = XCSwiftPackageProductDependency;
			package = D9E481E92F464FEF007E83E4 /* XCRemoteSwiftPackageReference "firebase-ios-sdk" */;
			productName = FirebaseAnalyticsIdentitySupport;
		};
		D9E481F02F464FEF007E83E4 /* FirebaseAppCheck */ = {
			isa = XCSwiftPackageProductDependency;
			package = D9E481E92F464FEF007E83E4 /* XCRemoteSwiftPackageReference "firebase-ios-sdk" */;
			productName = FirebaseAppCheck;
		};
		D9E481F22F464FEF007E83E4 /* FirebaseAppDistribution-Beta */ = {
			isa = XCSwiftPackageProductDependency;
			package = D9E481E92F464FEF007E83E4 /* XCRemoteSwiftPackageReference "firebase-ios-sdk" */;
			productName = "FirebaseAppDistribution-Beta";
		};
		D9E481F42F464FEF007E83E4 /* FirebaseAuth */ = {
			isa = XCSwiftPackageProductDependency;
			package = D9E481E92F464FEF007E83E4 /* XCRemoteSwiftPackageReference "firebase-ios-sdk" */;
			productName = FirebaseAuth;
		};
		D9E481F62F464FEF007E83E4 /* FirebaseAuthCombine-Community */ = {
			isa = XCSwiftPackageProductDependency;
			package = D9E481E92F464FEF007E83E4 /* XCRemoteSwiftPackageReference "firebase-ios-sdk" */;
			productName = "FirebaseAuthCombine-Community";
		};
		D9E481F82F464FEF007E83E4 /* FirebaseCore */ = {
			isa = XCSwiftPackageProductDependency;
			package = D9E481E92F464FEF007E83E4 /* XCRemoteSwiftPackageReference "firebase-ios-sdk" */;
			productName = FirebaseCore;
		};
		D9E481FA2F464FEF007E83E4 /* FirebaseCrashlytics */ = {
			isa = XCSwiftPackageProductDependency;
			package = D9E481E92F464FEF007E83E4 /* XCRemoteSwiftPackageReference "firebase-ios-sdk" */;
			productName = FirebaseCrashlytics;
		};
		D9E481FC2F464FEF007E83E4 /* FirebaseDatabase */ = {
			isa = XCSwiftPackageProductDependency;
			package = D9E481E92F464FEF007E83E4 /* XCRemoteSwiftPackageReference "firebase-ios-sdk" */;
			productName = FirebaseDatabase;
		};
		D9E481FE2F464FEF007E83E4 /* FirebaseFirestore */ = {
			isa = XCSwiftPackageProductDependency;
			package = D9E481E92F464FEF007E83E4 /* XCRemoteSwiftPackageReference "firebase-ios-sdk" */;
			productName = FirebaseFirestore;
		};
		D9E482002F464FEF007E83E4 /* FirebaseFirestoreCombine-Community */ = {
			isa = XCSwiftPackageProductDependency;
			package = D9E481E92F464FEF007E83E4 /* XCRemoteSwiftPackageReference "firebase-ios-sdk" */;
			productName = "FirebaseFirestoreCombine-Community";
		};
		D9E482022F464FEF007E83E4 /* FirebaseFunctions */ = {
			isa = XCSwiftPackageProductDependency;
			package = D9E481E92F464FEF007E83E4 /* XCRemoteSwiftPackageReference "firebase-ios-sdk" */;
			productName = FirebaseFunctions;
		};
		D9E482042F464FEF007E83E4 /* FirebaseFunctionsCombine-Community */ = {
			isa = XCSwiftPackageProductDependency;
			package = D9E481E92F464FEF007E83E4 /* XCRemoteSwiftPackageReference "firebase-ios-sdk" */;
			productName = "FirebaseFunctionsCombine-Community";
		};
		D9E482062F464FEF007E83E4 /* FirebaseInAppMessaging-Beta */ = {
			isa = XCSwiftPackageProductDependency;
			package = D9E481E92F464FEF007E83E4 /* XCRemoteSwiftPackageReference "firebase-ios-sdk" */;
			productName = "FirebaseInAppMessaging-Beta";
		};
		D9E482082F464FEF007E83E4 /* FirebaseMessaging */ = {
			isa = XCSwiftPackageProductDependency;
			package = D9E481E92F464FEF007E83E4 /* XCRemoteSwiftPackageReference "firebase-ios-sdk" */;
			productName = FirebaseMessaging;
		};
		D9E4820A2F464FEF007E83E4 /* FirebasePerformance */ = {
			isa = XCSwiftPackageProductDependency;
			package = D9E481E92F464FEF007E83E4 /* XCRemoteSwiftPackageReference "firebase-ios-sdk" */;
			productName = FirebasePerformance;
		};
		D9E4820C2F464FEF007E83E4 /* FirebaseRemoteConfig */ = {
			isa = XCSwiftPackageProductDependency;
			package = D9E481E92F464FEF007E83E4 /* XCRemoteSwiftPackageReference "firebase-ios-sdk" */;
			productName = FirebaseRemoteConfig;
		};
		D9E4820E2F464FEF007E83E4 /* FirebaseStorage */ = {
			isa = XCSwiftPackageProductDependency;
			package = D9E481E92F464FEF007E83E4 /* XCRemoteSwiftPackageReference "firebase-ios-sdk" */;
			productName = FirebaseStorage;
		};
		D9E482102F464FEF007E83E4 /* FirebaseStorageCombine-Community */ = {
			isa = XCSwiftPackageProductDependency;
			package = D9E481E92F464FEF007E83E4 /* XCRemoteSwiftPackageReference "firebase-ios-sdk" */;
			productName = "FirebaseStorageCombine-Community";
		};
/* End XCSwiftPackageProductDependency section */
	};
	rootObject = D9E4810F2F3E24A1007E83E4 /* Project object */;
}
